
Microsoft Visual Studio Solution File, Format Version 12.00
# Visual Studio Version 17
VisualStudioVersion = 17.0.31903.59
MinimumVisualStudioVersion = 10.0.40219.1
Project("{FAE04EC0-301F-11D3-BF4B-00C04F79EFBC}") = "GodotSharpStringCacher", "GodotSharpStringCacher\GodotSharpStringCacher.csproj", "{5D1A7A19-E961-4C95-8995-0670CFD83B17}"
EndProject
Project("{FAE04EC0-301F-11D3-BF4B-00C04F79EFBC}") = "GodotSharpStringCacher.Console", "GodotSharpStringCacher.Console\GodotSharpStringCacher.Console.csproj", "{9E6B0F92-1A10-451B-9316-0003809D1F24}"
EndProject
Project("{FAE04EC0-301F-11D3-BF4B-00C04F79EFBC}") = "GodotSharpStringCacher.MSBuild", "GodotSharpStringCacher.MSBuild\GodotSharpStringCacher.MSBuild.csproj", "{2FBC1F9D-14A1-4D30-B962-B73534722983}"
EndProject
Global
	GlobalSection(SolutionConfigurationPlatforms) = preSolution
		Debug|Any CPU = Debug|Any CPU
		Debug|x64 = Debug|x64
		Debug|x86 = Debug|x86
		Release|Any CPU = Release|Any CPU
		Release|x64 = Release|x64
		Release|x86 = Release|x86
	EndGlobalSection
	GlobalSection(ProjectConfigurationPlatforms) = postSolution
		{5D1A7A19-E961-4C95-8995-0670CFD83B17}.Debug|Any CPU.ActiveCfg = Debug|Any CPU
		{5D1A7A19-E961-4C95-8995-0670CFD83B17}.Debug|Any CPU.Build.0 = Debug|Any CPU
		{5D1A7A19-E961-4C95-8995-0670CFD83B17}.Debug|x64.ActiveCfg = Debug|Any CPU
		{5D1A7A19-E961-4C95-8995-0670CFD83B17}.Debug|x64.Build.0 = Debug|Any CPU
		{5D1A7A19-E961-4C95-8995-0670CFD83B17}.Debug|x86.ActiveCfg = Debug|Any CPU
		{5D1A7A19-E961-4C95-8995-0670CFD83B17}.Debug|x86.Build.0 = Debug|Any CPU
		{5D1A7A19-E961-4C95-8995-0670CFD83B17}.Release|Any CPU.ActiveCfg = Release|Any CPU
		{5D1A7A19-E961-4C95-8995-0670CFD83B17}.Release|Any CPU.Build.0 = Release|Any CPU
		{5D1A7A19-E961-4C95-8995-0670CFD83B17}.Release|x64.ActiveCfg = Release|Any CPU
		{5D1A7A19-E961-4C95-8995-0670CFD83B17}.Release|x64.Build.0 = Release|Any CPU
		{5D1A7A19-E961-4C95-8995-0670CFD83B17}.Release|x86.ActiveCfg = Release|Any CPU
		{5D1A7A19-E961-4C95-8995-0670CFD83B17}.Release|x86.Build.0 = Release|Any CPU
		{9E6B0F92-1A10-451B-9316-0003809D1F24}.Debug|Any CPU.ActiveCfg = Debug|Any CPU
		{9E6B0F92-1A10-451B-9316-0003809D1F24}.Debug|Any CPU.Build.0 = Debug|Any CPU
		{9E6B0F92-1A10-451B-9316-0003809D1F24}.Debug|x64.ActiveCfg = Debug|Any CPU
		{9E6B0F92-1A10-451B-9316-0003809D1F24}.Debug|x64.Build.0 = Debug|Any CPU
		{9E6B0F92-1A10-451B-9316-0003809D1F24}.Debug|x86.ActiveCfg = Debug|Any CPU
		{9E6B0F92-1A10-451B-9316-0003809D1F24}.Debug|x86.Build.0 = Debug|Any CPU
		{9E6B0F92-1A10-451B-9316-0003809D1F24}.Release|Any CPU.ActiveCfg = Release|Any CPU
		{9E6B0F92-1A10-451B-9316-0003809D1F24}.Release|Any CPU.Build.0 = Release|Any CPU
		{9E6B0F92-1A10-451B-9316-0003809D1F24}.Release|x64.ActiveCfg = Release|Any CPU
		{9E6B0F92-1A10-451B-9316-0003809D1F24}.Release|x64.Build.0 = Release|Any CPU
		{9E6B0F92-1A10-451B-9316-0003809D1F24}.Release|x86.ActiveCfg = Release|Any CPU
		{9E6B0F92-1A10-451B-9316-0003809D1F24}.Release|x86.Build.0 = Release|Any CPU
		{2FBC1F9D-14A1-4D30-B962-B73534722983}.Debug|Any CPU.ActiveCfg = Debug|Any CPU
		{2FBC1F9D-14A1-4D30-B962-B73534722983}.Debug|Any CPU.Build.0 = Debug|Any CPU
		{2FBC1F9D-14A1-4D30-B962-B73534722983}.Debug|x64.ActiveCfg = Debug|Any CPU
		{2FBC1F9D-14A1-4D30-B962-B73534722983}.Debug|x64.Build.0 = Debug|Any CPU
		{2FBC1F9D-14A1-4D30-B962-B73534722983}.Debug|x86.ActiveCfg = Debug|Any CPU
		{2FBC1F9D-14A1-4D30-B962-B73534722983}.Debug|x86.Build.0 = Debug|Any CPU
		{2FBC1F9D-14A1-4D30-B962-B73534722983}.Release|Any CPU.ActiveCfg = Release|Any CPU
		{2FBC1F9D-14A1-4D30-B962-B73534722983}.Release|Any CPU.Build.0 = Release|Any CPU
		{2FBC1F9D-14A1-4D30-B962-B73534722983}.Release|x64.ActiveCfg = Release|Any CPU
		{2FBC1F9D-14A1-4D30-B962-B73534722983}.Release|x64.Build.0 = Release|Any CPU
		{2FBC1F9D-14A1-4D30-B962-B73534722983}.Release|x86.ActiveCfg = Release|Any CPU
		{2FBC1F9D-14A1-4D30-B962-B73534722983}.Release|x86.Build.0 = Release|Any CPU
	EndGlobalSection
	GlobalSection(SolutionProperties) = preSolution
		HideSolutionNode = FALSE
	EndGlobalSection
EndGlobal
